
Microsoft Visual Studio Solution File, Format Version 12.00
Project("{FAE04EC0-301F-11D3-BF4B-00C04F79EFBC}") = "Mynatime.CLI", "Mynatime\Mynatime.CLI.csproj", "{0C71B32B-AE32-44D2-8500-255E1F982F11}"
EndProject
Project("{FAE04EC0-301F-11D3-BF4B-00C04F79EFBC}") = "Mynatime.GUI", "MynatimeGUI\Mynatime.GUI.csproj", "{9C9C0530-4DB2-47D0-BD15-41E840D574CC}"
EndProject
Project("{FAE04EC0-301F-11D3-BF4B-00C04F79EFBC}") = "Mynatime.Client", "MynatimeClient\Mynatime.Client.csproj", "{B3F13DDC-E689-4E23-9FC9-171528126A52}"
EndProject
Project("{FAE04EC0-301F-11D3-BF4B-00C04F79EFBC}") = "Mynatime.Infrastructure", "Mynatime.Infrastructure\Mynatime.Infrastructure.csproj", "{6D8BA57A-04D0-4B47-9127-A108BE38A315}"
EndProject
Project("{2150E333-8FDC-42A3-9474-1A3956D46DE8}") = "CLI", "CLI", "{463A697F-DC8F-4693-A723-BB3E648B8C15}"
EndProject
Project("{2150E333-8FDC-42A3-9474-1A3956D46DE8}") = "GUI", "GUI", "{32AB94A9-4B4D-4503-B351-19C435D5F968}"
EndProject
Project("{2150E333-8FDC-42A3-9474-1A3956D46DE8}") = "Client", "Client", "{B05C3502-41B2-4F1B-9F2D-810EE47323B4}"
EndProject
Project("{FAE04EC0-301F-11D3-BF4B-00C04F79EFBC}") = "Mynatime.CLI.Tests", "MynatimeCLI.Tests\Mynatime.CLI.Tests.csproj", "{6544E713-8BBF-4C71-947E-930BC5F46D5C}"
EndProject
Project("{FAE04EC0-301F-11D3-BF4B-00C04F79EFBC}") = "Mynatime.Client.Tests", "MynatimeClient.Tests\Mynatime.Client.Tests.csproj", "{4145731D-613C-46E1-AD27-421631477328}"
EndProject
Project("{2150E333-8FDC-42A3-9474-1A3956D46DE8}") = "Shared", "Shared", "{27C565F5-A2FC-422E-BE06-D2C65222360E}"
EndProject
Project("{FAE04EC0-301F-11D3-BF4B-00C04F79EFBC}") = "Mynatime.Infrastructure.Tests", "Mynatime.Infrastructure.Tests\Mynatime.Infrastructure.Tests.csproj", "{0367C64C-38F2-4EEF-8365-35D0CC79C043}"
EndProject
Project("{FAE04EC0-301F-11D3-BF4B-00C04F79EFBC}") = "Mynatime.Domain", "Mynatime.Domain\Mynatime.Domain.csproj", "{B326454B-D54B-4F89-A25E-75A47503B688}"
EndProject
Project("{FAE04EC0-301F-11D3-BF4B-00C04F79EFBC}") = "Mynatime.Domain.Tests", "Mynatime.Domain.Tests\Mynatime.Domain.Tests.csproj", "{9C3912E2-FFF0-4C3E-9298-BEF3B0180EEE}"
EndProject
Global
	GlobalSection(SolutionConfigurationPlatforms) = preSolution
		Debug|Any CPU = Debug|Any CPU
		Release|Any CPU = Release|Any CPU
	EndGlobalSection
	GlobalSection(ProjectConfigurationPlatforms) = postSolution
		{0C71B32B-AE32-44D2-8500-255E1F982F11}.Debug|Any CPU.ActiveCfg = Debug|Any CPU
		{0C71B32B-AE32-44D2-8500-255E1F982F11}.Debug|Any CPU.Build.0 = Debug|Any CPU
		{0C71B32B-AE32-44D2-8500-255E1F982F11}.Release|Any CPU.ActiveCfg = Release|Any CPU
		{0C71B32B-AE32-44D2-8500-255E1F982F11}.Release|Any CPU.Build.0 = Release|Any CPU
		{9C9C0530-4DB2-47D0-BD15-41E840D574CC}.Debug|Any CPU.ActiveCfg = Debug|Any CPU
		{9C9C0530-4DB2-47D0-BD15-41E840D574CC}.Debug|Any CPU.Build.0 = Debug|Any CPU
		{9C9C0530-4DB2-47D0-BD15-41E840D574CC}.Release|Any CPU.ActiveCfg = Release|Any CPU
		{9C9C0530-4DB2-47D0-BD15-41E840D574CC}.Release|Any CPU.Build.0 = Release|Any CPU
		{B3F13DDC-E689-4E23-9FC9-171528126A52}.Debug|Any CPU.ActiveCfg = Debug|Any CPU
		{B3F13DDC-E689-4E23-9FC9-171528126A52}.Debug|Any CPU.Build.0 = Debug|Any CPU
		{B3F13DDC-E689-4E23-9FC9-171528126A52}.Release|Any CPU.ActiveCfg = Release|Any CPU
		{B3F13DDC-E689-4E23-9FC9-171528126A52}.Release|Any CPU.Build.0 = Release|Any CPU
		{6D8BA57A-04D0-4B47-9127-A108BE38A315}.Debug|Any CPU.ActiveCfg = Debug|Any CPU
		{6D8BA57A-04D0-4B47-9127-A108BE38A315}.Debug|Any CPU.Build.0 = Debug|Any CPU
		{6D8BA57A-04D0-4B47-9127-A108BE38A315}.Release|Any CPU.ActiveCfg = Release|Any CPU
		{6D8BA57A-04D0-4B47-9127-A108BE38A315}.Release|Any CPU.Build.0 = Release|Any CPU
		{6544E713-8BBF-4C71-947E-930BC5F46D5C}.Debug|Any CPU.ActiveCfg = Debug|Any CPU
		{6544E713-8BBF-4C71-947E-930BC5F46D5C}.Debug|Any CPU.Build.0 = Debug|Any CPU
		{6544E713-8BBF-4C71-947E-930BC5F46D5C}.Release|Any CPU.ActiveCfg = Release|Any CPU
		{6544E713-8BBF-4C71-947E-930BC5F46D5C}.Release|Any CPU.Build.0 = Release|Any CPU
		{4145731D-613C-46E1-AD27-421631477328}.Debug|Any CPU.ActiveCfg = Debug|Any CPU
		{4145731D-613C-46E1-AD27-421631477328}.Debug|Any CPU.Build.0 = Debug|Any CPU
		{4145731D-613C-46E1-AD27-421631477328}.Release|Any CPU.ActiveCfg = Release|Any CPU
		{4145731D-613C-46E1-AD27-421631477328}.Release|Any CPU.Build.0 = Release|Any CPU
		{0367C64C-38F2-4EEF-8365-35D0CC79C043}.Debug|Any CPU.ActiveCfg = Debug|Any CPU
		{0367C64C-38F2-4EEF-8365-35D0CC79C043}.Debug|Any CPU.Build.0 = Debug|Any CPU
		{0367C64C-38F2-4EEF-8365-35D0CC79C043}.Release|Any CPU.ActiveCfg = Release|Any CPU
		{0367C64C-38F2-4EEF-8365-35D0CC79C043}.Release|Any CPU.Build.0 = Release|Any CPU
		{B326454B-D54B-4F89-A25E-75A47503B688}.Debug|Any CPU.ActiveCfg = Debug|Any CPU
		{B326454B-D54B-4F89-A25E-75A47503B688}.Debug|Any CPU.Build.0 = Debug|Any CPU
		{B326454B-D54B-4F89-A25E-75A47503B688}.Release|Any CPU.ActiveCfg = Release|Any CPU
		{B326454B-D54B-4F89-A25E-75A47503B688}.Release|Any CPU.Build.0 = Release|Any CPU
		{9C3912E2-FFF0-4C3E-9298-BEF3B0180EEE}.Debug|Any CPU.ActiveCfg = Debug|Any CPU
		{9C3912E2-FFF0-4C3E-9298-BEF3B0180EEE}.Debug|Any CPU.Build.0 = Debug|Any CPU
		{9C3912E2-FFF0-4C3E-9298-BEF3B0180EEE}.Release|Any CPU.ActiveCfg = Release|Any CPU
		{9C3912E2-FFF0-4C3E-9298-BEF3B0180EEE}.Release|Any CPU.Build.0 = Release|Any CPU
	EndGlobalSection
	GlobalSection(NestedProjects) = preSolution
		{0C71B32B-AE32-44D2-8500-255E1F982F11} = {463A697F-DC8F-4693-A723-BB3E648B8C15}
		{9C9C0530-4DB2-47D0-BD15-41E840D574CC} = {32AB94A9-4B4D-4503-B351-19C435D5F968}
		{B3F13DDC-E689-4E23-9FC9-171528126A52} = {B05C3502-41B2-4F1B-9F2D-810EE47323B4}
		{6544E713-8BBF-4C71-947E-930BC5F46D5C} = {463A697F-DC8F-4693-A723-BB3E648B8C15}
		{4145731D-613C-46E1-AD27-421631477328} = {B05C3502-41B2-4F1B-9F2D-810EE47323B4}
		{6D8BA57A-04D0-4B47-9127-A108BE38A315} = {27C565F5-A2FC-422E-BE06-D2C65222360E}
		{0367C64C-38F2-4EEF-8365-35D0CC79C043} = {27C565F5-A2FC-422E-BE06-D2C65222360E}
		{B326454B-D54B-4F89-A25E-75A47503B688} = {27C565F5-A2FC-422E-BE06-D2C65222360E}
		{9C3912E2-FFF0-4C3E-9298-BEF3B0180EEE} = {27C565F5-A2FC-422E-BE06-D2C65222360E}
	EndGlobalSection
EndGlobal
